{
  "name": "node-red-contrib-focas",
  "version": "1.0.1",
  "lockfileVersion": 1,
  "requires": true,
  "dependencies": {
    "@protocols/node-focas": {
      "version": "1.0.4",
      "resolved": "https://gitlab.st-one.io/api/v4/projects/64/packages/npm/@protocols/node-focas/-/@protocols/node-focas-1.0.4.tgz",
      "integrity": "sha1-C8tidgods6nZFe/UlgswWNUtEI0="
    }
  }
}
